
Microsoft Visual Studio Solution File, Format Version 12.00
# Visual Studio 15
VisualStudioVersion = 15.0.28010.2016
MinimumVisualStudioVersion = 10.0.40219.1
Project("{FAE04EC0-301F-11D3-BF4B-00C04F79EFBC}") = "Calculator_2", "Calculator228\Calculator_2.csproj", "{97ED9902-F3E4-435C-8CEA-A9C893D2C4EC}"
EndProject
Global
	GlobalSection(SolutionConfigurationPlatforms) = preSolution
		Debug|Any CPU = Debug|Any CPU
		Release|Any CPU = Release|Any CPU
	EndGlobalSection
	GlobalSection(ProjectConfigurationPlatforms) = postSolution
		{97ED9902-F3E4-435C-8CEA-A9C893D2C4EC}.Debug|Any CPU.ActiveCfg = Debug|Any CPU
		{97ED9902-F3E4-435C-8CEA-A9C893D2C4EC}.Debug|Any CPU.Build.0 = Debug|Any CPU
		{97ED9902-F3E4-435C-8CEA-A9C893D2C4EC}.Release|Any CPU.ActiveCfg = Release|Any CPU
		{97ED9902-F3E4-435C-8CEA-A9C893D2C4EC}.Release|Any CPU.Build.0 = Release|Any CPU
	EndGlobalSection
	GlobalSection(SolutionProperties) = preSolution
		HideSolutionNode = FALSE
	EndGlobalSection
	GlobalSection(ExtensibilityGlobals) = postSolution
		SolutionGuid = {5D71D596-DF31-458D-B248-28378510ED58}
	EndGlobalSection
EndGlobal
