
Microsoft Visual Studio Solution File, Format Version 12.00
# Visual Studio 15
VisualStudioVersion = 15.0.28010.2016
MinimumVisualStudioVersion = 10.0.40219.1
Project("{FAE04EC0-301F-11D3-BF4B-00C04F79EFBC}") = "Calculator_№1", "Calculator_№1\Calculator_№1.csproj", "{835FAACE-6094-420A-8885-39758F48AF4B}"
EndProject
Global
	GlobalSection(SolutionConfigurationPlatforms) = preSolution
		Debug|Any CPU = Debug|Any CPU
		Release|Any CPU = Release|Any CPU
	EndGlobalSection
	GlobalSection(ProjectConfigurationPlatforms) = postSolution
		{835FAACE-6094-420A-8885-39758F48AF4B}.Debug|Any CPU.ActiveCfg = Debug|Any CPU
		{835FAACE-6094-420A-8885-39758F48AF4B}.Debug|Any CPU.Build.0 = Debug|Any CPU
		{835FAACE-6094-420A-8885-39758F48AF4B}.Release|Any CPU.ActiveCfg = Release|Any CPU
		{835FAACE-6094-420A-8885-39758F48AF4B}.Release|Any CPU.Build.0 = Release|Any CPU
	EndGlobalSection
	GlobalSection(SolutionProperties) = preSolution
		HideSolutionNode = FALSE
	EndGlobalSection
	GlobalSection(ExtensibilityGlobals) = postSolution
		SolutionGuid = {5C0789C5-0A8E-434D-BDB3-00F2357C6FE2}
	EndGlobalSection
EndGlobal
